// !$*UTF8*$!
{
	archiveVersion = 1;
	classes = {
	};
	objectVersion = 46;
	objects = {

/* Begin PBXBuildFile section */
		14FCB65278010459839BB6BA /* Pods_JamHub_JamHubUITests.framework in Frameworks */ = {isa = PBXBuildFile; fileRef = F62CD0EAA82CD05F7E768FA3 /* Pods_JamHub_JamHubUITests.framework */; };
		7D15AB9A948060B83A9BE6C1 /* Pods_JamHub.framework in Frameworks */ = {isa = PBXBuildFile; fileRef = 591346670CC83740E5858C03 /* Pods_JamHub.framework */; };
		8BDAFDCFAEC44B335BECCB2D /* Pods_JamHub_JamHubTests.framework in Frameworks */ = {isa = PBXBuildFile; fileRef = F9ACBD3B1C769DAE6197FD5B /* Pods_JamHub_JamHubTests.framework */; };
		D60DCB801F2EDFBF007E4010 /* Extensions.swift in Sources */ = {isa = PBXBuildFile; fileRef = D60DCB7F1F2EDFBF007E4010 /* Extensions.swift */; };
		D61DFAD51F2D5CF600CB1F66 /* InvitationsTableViewController.swift in Sources */ = {isa = PBXBuildFile; fileRef = D61DFAD41F2D5CF600CB1F66 /* InvitationsTableViewController.swift */; };
		D633E7F821162BA5008FA1A1 /* InviteMusiciansTableViewController.swift in Sources */ = {isa = PBXBuildFile; fileRef = D633E7F721162BA5008FA1A1 /* InviteMusiciansTableViewController.swift */; };
		D633E7FA21162EA7008FA1A1 /* InviteMusiciansTableViewCell.swift in Sources */ = {isa = PBXBuildFile; fileRef = D633E7F921162EA7008FA1A1 /* InviteMusiciansTableViewCell.swift */; };
		D65AE9C21F11A6730049E6D1 /* ActiveCurrentSessionViewController.swift in Sources */ = {isa = PBXBuildFile; fileRef = D65AE9C11F11A6730049E6D1 /* ActiveCurrentSessionViewController.swift */; };
		D65AE9C41F11B6D40049E6D1 /* OtherMusicianProfileViewController.swift in Sources */ = {isa = PBXBuildFile; fileRef = D65AE9C31F11B6D40049E6D1 /* OtherMusicianProfileViewController.swift */; };
		D66FECFA210E2CB8003AC643 /* EditCountryTableViewController.swift in Sources */ = {isa = PBXBuildFile; fileRef = D66FECF9210E2CB8003AC643 /* EditCountryTableViewController.swift */; };
		D66FECFC210E2CDE003AC643 /* EditCityTableViewController.swift in Sources */ = {isa = PBXBuildFile; fileRef = D66FECFB210E2CDE003AC643 /* EditCityTableViewController.swift */; };
		D67EF5111ECDFF2A00CA73B1 /* CurrentJamsViewController.swift in Sources */ = {isa = PBXBuildFile; fileRef = D67EF5101ECDFF2A00CA73B1 /* CurrentJamsViewController.swift */; };
		D67EF5131ECDFFA100CA73B1 /* MySessionsViewController.swift in Sources */ = {isa = PBXBuildFile; fileRef = D67EF5121ECDFFA100CA73B1 /* MySessionsViewController.swift */; };
		D67EF5151ECDFFE600CA73B1 /* ProfileViewController.swift in Sources */ = {isa = PBXBuildFile; fileRef = D67EF5141ECDFFE600CA73B1 /* ProfileViewController.swift */; };
		D67EF5171ECE013900CA73B1 /* RegisterViewController.swift in Sources */ = {isa = PBXBuildFile; fileRef = D67EF5161ECE013900CA73B1 /* RegisterViewController.swift */; };
		D67EF5191ECE015A00CA73B1 /* LoginViewController.swift in Sources */ = {isa = PBXBuildFile; fileRef = D67EF5181ECE015A00CA73B1 /* LoginViewController.swift */; };
		D67EF51B1ECE063000CA73B1 /* SessionTableViewCell.swift in Sources */ = {isa = PBXBuildFile; fileRef = D67EF51A1ECE063000CA73B1 /* SessionTableViewCell.swift */; };
		D67EF51D1ECE063F00CA73B1 /* JamTableViewCell.swift in Sources */ = {isa = PBXBuildFile; fileRef = D67EF51C1ECE063F00CA73B1 /* JamTableViewCell.swift */; };
		D67EF51F1ECE42FA00CA73B1 /* Session.swift in Sources */ = {isa = PBXBuildFile; fileRef = D67EF51E1ECE42FA00CA73B1 /* Session.swift */; };
		D6AF456D1F1DAFA2005B0658 /* MyAudioViewController.swift in Sources */ = {isa = PBXBuildFile; fileRef = D6AF456C1F1DAFA2005B0658 /* MyAudioViewController.swift */; };
		D6C6712E20CF1AFD00468562 /* ProfileSettingsTableViewController.swift in Sources */ = {isa = PBXBuildFile; fileRef = D6C6712D20CF1AFD00468562 /* ProfileSettingsTableViewController.swift */; };
		D6C6713020D1DEE500468562 /* EditSettingViewController.swift in Sources */ = {isa = PBXBuildFile; fileRef = D6C6712F20D1DEE500468562 /* EditSettingViewController.swift */; };
		D6C6713620E090C300468562 /* countriesToCities.json in Resources */ = {isa = PBXBuildFile; fileRef = D6C6713520E090C200468562 /* countriesToCities.json */; };
		D6C6713820ED7CDB00468562 /* SelectCountryTableViewController.swift in Sources */ = {isa = PBXBuildFile; fileRef = D6C6713720ED7CDB00468562 /* SelectCountryTableViewController.swift */; };
		D6C6713A20ED7D2100468562 /* SelectCityTableViewController.swift in Sources */ = {isa = PBXBuildFile; fileRef = D6C6713920ED7D2100468562 /* SelectCityTableViewController.swift */; };
		D6D16C321F0AF0DF0079314B /* CurrentJamViewController.swift in Sources */ = {isa = PBXBuildFile; fileRef = D6D16C311F0AF0DF0079314B /* CurrentJamViewController.swift */; };
		D6D16C361F0C30760079314B /* Musician.swift in Sources */ = {isa = PBXBuildFile; fileRef = D6D16C351F0C30760079314B /* Musician.swift */; };
		D6D16C3A1F0C4CE70079314B /* NewSessionMusicianTableViewCell.swift in Sources */ = {isa = PBXBuildFile; fileRef = D6D16C391F0C4CE70079314B /* NewSessionMusicianTableViewCell.swift */; };
		D6D16C3C1F0C4EAC0079314B /* CurrentJamMusicianTableViewCell.swift in Sources */ = {isa = PBXBuildFile; fileRef = D6D16C3B1F0C4EAC0079314B /* CurrentJamMusicianTableViewCell.swift */; };
		D6D7E15C1F3801B600473399 /* InvitationTableViewCell.swift in Sources */ = {isa = PBXBuildFile; fileRef = D6D7E15B1F3801B600473399 /* InvitationTableViewCell.swift */; };
		D6DF31751F15D17D0070366A /* MyActiveSessionViewController.swift in Sources */ = {isa = PBXBuildFile; fileRef = D6DF31741F15D17D0070366A /* MyActiveSessionViewController.swift */; };
		D6E56EBB1F12B80B0021AE95 /* AudioViewController.swift in Sources */ = {isa = PBXBuildFile; fileRef = D6E56EBA1F12B80B0021AE95 /* AudioViewController.swift */; };
		D6E56EBD1F12B8810021AE95 /* SongsTableViewController.swift in Sources */ = {isa = PBXBuildFile; fileRef = D6E56EBC1F12B8810021AE95 /* SongsTableViewController.swift */; };
		D6EB49551F084E8300F82CDE /* ProfilePictureViewController.swift in Sources */ = {isa = PBXBuildFile; fileRef = D6EB49541F084E8300F82CDE /* ProfilePictureViewController.swift */; };
		D6EB49571F0852FA00F82CDE /* AdditionalInformationViewController.swift in Sources */ = {isa = PBXBuildFile; fileRef = D6EB49561F0852FA00F82CDE /* AdditionalInformationViewController.swift */; };
		D6F92FEC1ED2000400B3533F /* GoogleService-Info.plist in Resources */ = {isa = PBXBuildFile; fileRef = D6F92FEB1ED2000400B3533F /* GoogleService-Info.plist */; };
		D6F92FEE1ED213AE00B3533F /* NewSessionViewController.swift in Sources */ = {isa = PBXBuildFile; fileRef = D6F92FED1ED213AE00B3533F /* NewSessionViewController.swift */; };
		D6FA3BC71F3671F1004E8B8F /* MySongsTableViewController.swift in Sources */ = {isa = PBXBuildFile; fileRef = D6FA3BC61F3671F1004E8B8F /* MySongsTableViewController.swift */; };
		D6FA3BC91F36728E004E8B8F /* MySongTableViewCell.swift in Sources */ = {isa = PBXBuildFile; fileRef = D6FA3BC81F36728E004E8B8F /* MySongTableViewCell.swift */; };
		D6FA3BCD1F36ACE3004E8B8F /* SongTableViewCell.swift in Sources */ = {isa = PBXBuildFile; fileRef = D6FA3BCC1F36ACE3004E8B8F /* SongTableViewCell.swift */; };
		D6FE85211ECCBD7A0020CEE6 /* AppDelegate.swift in Sources */ = {isa = PBXBuildFile; fileRef = D6FE85201ECCBD7A0020CEE6 /* AppDelegate.swift */; };
		D6FE85261ECCBD7A0020CEE6 /* Main.storyboard in Resources */ = {isa = PBXBuildFile; fileRef = D6FE85241ECCBD7A0020CEE6 /* Main.storyboard */; };
		D6FE85281ECCBD7A0020CEE6 /* Assets.xcassets in Resources */ = {isa = PBXBuildFile; fileRef = D6FE85271ECCBD7A0020CEE6 /* Assets.xcassets */; };
		D6FE852B1ECCBD7A0020CEE6 /* LaunchScreen.storyboard in Resources */ = {isa = PBXBuildFile; fileRef = D6FE85291ECCBD7A0020CEE6 /* LaunchScreen.storyboard */; };
		D6FE85361ECCBD7B0020CEE6 /* JamHubTests.swift in Sources */ = {isa = PBXBuildFile; fileRef = D6FE85351ECCBD7B0020CEE6 /* JamHubTests.swift */; };
		D6FE85411ECCBD7B0020CEE6 /* JamHubUITests.swift in Sources */ = {isa = PBXBuildFile; fileRef = D6FE85401ECCBD7B0020CEE6 /* JamHubUITests.swift */; };
/* End PBXBuildFile section */

/* Begin PBXContainerItemProxy section */
		D6FE85321ECCBD7B0020CEE6 /* PBXContainerItemProxy */ = {
			isa = PBXContainerItemProxy;
			containerPortal = D6FE85151ECCBD7A0020CEE6 /* Project object */;
			proxyType = 1;
			remoteGlobalIDString = D6FE851C1ECCBD7A0020CEE6;
			remoteInfo = JamHub;
		};
		D6FE853D1ECCBD7B0020CEE6 /* PBXContainerItemProxy */ = {
			isa = PBXContainerItemProxy;
			containerPortal = D6FE85151ECCBD7A0020CEE6 /* Project object */;
			proxyType = 1;
			remoteGlobalIDString = D6FE851C1ECCBD7A0020CEE6;
			remoteInfo = JamHub;
		};
/* End PBXContainerItemProxy section */

/* Begin PBXCopyFilesBuildPhase section */
		D6A9B0A01F2D5563001E723D /* Embed Frameworks */ = {
			isa = PBXCopyFilesBuildPhase;
			buildActionMask = 2147483647;
			dstPath = "";
			dstSubfolderSpec = 10;
			files = (
			);
			name = "Embed Frameworks";
			runOnlyForDeploymentPostprocessing = 0;
		};
/* End PBXCopyFilesBuildPhase section */

/* Begin PBXFileReference section */
		4A2443140C05691E44C4DA82 /* Pods-JamHub-JamHubUITests.debug.xcconfig */ = {isa = PBXFileReference; includeInIndex = 1; lastKnownFileType = text.xcconfig; name = "Pods-JamHub-JamHubUITests.debug.xcconfig"; path = "Pods/Target Support Files/Pods-JamHub-JamHubUITests/Pods-JamHub-JamHubUITests.debug.xcconfig"; sourceTree = "<group>"; };
		591346670CC83740E5858C03 /* Pods_JamHub.framework */ = {isa = PBXFileReference; explicitFileType = wrapper.framework; includeInIndex = 0; path = Pods_JamHub.framework; sourceTree = BUILT_PRODUCTS_DIR; };
		6257586C376280DADF639068 /* Pods-JamHub-JamHubTests.release.xcconfig */ = {isa = PBXFileReference; includeInIndex = 1; lastKnownFileType = text.xcconfig; name = "Pods-JamHub-JamHubTests.release.xcconfig"; path = "Pods/Target Support Files/Pods-JamHub-JamHubTests/Pods-JamHub-JamHubTests.release.xcconfig"; sourceTree = "<group>"; };
		9C662731FAF84383F15FB8F1 /* Pods-JamHub.debug.xcconfig */ = {isa = PBXFileReference; includeInIndex = 1; lastKnownFileType = text.xcconfig; name = "Pods-JamHub.debug.xcconfig"; path = "Pods/Target Support Files/Pods-JamHub/Pods-JamHub.debug.xcconfig"; sourceTree = "<group>"; };
		AE474A0F9B5DEEDD6921449E /* Pods-JamHub-JamHubUITests.release.xcconfig */ = {isa = PBXFileReference; includeInIndex = 1; lastKnownFileType = text.xcconfig; name = "Pods-JamHub-JamHubUITests.release.xcconfig"; path = "Pods/Target Support Files/Pods-JamHub-JamHubUITests/Pods-JamHub-JamHubUITests.release.xcconfig"; sourceTree = "<group>"; };
		AEE71D54B88B6FF38DE419BA /* Pods-JamHub.release.xcconfig */ = {isa = PBXFileReference; includeInIndex = 1; lastKnownFileType = text.xcconfig; name = "Pods-JamHub.release.xcconfig"; path = "Pods/Target Support Files/Pods-JamHub/Pods-JamHub.release.xcconfig"; sourceTree = "<group>"; };
		D25F6967B574E62EDA499085 /* Pods-JamHub-JamHubTests.debug.xcconfig */ = {isa = PBXFileReference; includeInIndex = 1; lastKnownFileType = text.xcconfig; name = "Pods-JamHub-JamHubTests.debug.xcconfig"; path = "Pods/Target Support Files/Pods-JamHub-JamHubTests/Pods-JamHub-JamHubTests.debug.xcconfig"; sourceTree = "<group>"; };
		D60DCB7F1F2EDFBF007E4010 /* Extensions.swift */ = {isa = PBXFileReference; lastKnownFileType = sourcecode.swift; path = Extensions.swift; sourceTree = "<group>"; };
		D61DFAD41F2D5CF600CB1F66 /* InvitationsTableViewController.swift */ = {isa = PBXFileReference; lastKnownFileType = sourcecode.swift; path = InvitationsTableViewController.swift; sourceTree = "<group>"; };
		D633E7F721162BA5008FA1A1 /* InviteMusiciansTableViewController.swift */ = {isa = PBXFileReference; lastKnownFileType = sourcecode.swift; path = InviteMusiciansTableViewController.swift; sourceTree = "<group>"; };
		D633E7F921162EA7008FA1A1 /* InviteMusiciansTableViewCell.swift */ = {isa = PBXFileReference; lastKnownFileType = sourcecode.swift; path = InviteMusiciansTableViewCell.swift; sourceTree = "<group>"; };
		D65AE9C11F11A6730049E6D1 /* ActiveCurrentSessionViewController.swift */ = {isa = PBXFileReference; lastKnownFileType = sourcecode.swift; path = ActiveCurrentSessionViewController.swift; sourceTree = "<group>"; };
		D65AE9C31F11B6D40049E6D1 /* OtherMusicianProfileViewController.swift */ = {isa = PBXFileReference; lastKnownFileType = sourcecode.swift; path = OtherMusicianProfileViewController.swift; sourceTree = "<group>"; };
		D66FECF9210E2CB8003AC643 /* EditCountryTableViewController.swift */ = {isa = PBXFileReference; lastKnownFileType = sourcecode.swift; path = EditCountryTableViewController.swift; sourceTree = "<group>"; };
		D66FECFB210E2CDE003AC643 /* EditCityTableViewController.swift */ = {isa = PBXFileReference; lastKnownFileType = sourcecode.swift; path = EditCityTableViewController.swift; sourceTree = "<group>"; };
		D67EF5101ECDFF2A00CA73B1 /* CurrentJamsViewController.swift */ = {isa = PBXFileReference; fileEncoding = 4; lastKnownFileType = sourcecode.swift; path = CurrentJamsViewController.swift; sourceTree = "<group>"; };
		D67EF5121ECDFFA100CA73B1 /* MySessionsViewController.swift */ = {isa = PBXFileReference; fileEncoding = 4; lastKnownFileType = sourcecode.swift; path = MySessionsViewController.swift; sourceTree = "<group>"; };
		D67EF5141ECDFFE600CA73B1 /* ProfileViewController.swift */ = {isa = PBXFileReference; fileEncoding = 4; lastKnownFileType = sourcecode.swift; path = ProfileViewController.swift; sourceTree = "<group>"; };
		D67EF5161ECE013900CA73B1 /* RegisterViewController.swift */ = {isa = PBXFileReference; fileEncoding = 4; lastKnownFileType = sourcecode.swift; path = RegisterViewController.swift; sourceTree = "<group>"; };
		D67EF5181ECE015A00CA73B1 /* LoginViewController.swift */ = {isa = PBXFileReference; fileEncoding = 4; lastKnownFileType = sourcecode.swift; path = LoginViewController.swift; sourceTree = "<group>"; };
		D67EF51A1ECE063000CA73B1 /* SessionTableViewCell.swift */ = {isa = PBXFileReference; fileEncoding = 4; lastKnownFileType = sourcecode.swift; path = SessionTableViewCell.swift; sourceTree = "<group>"; };
		D67EF51C1ECE063F00CA73B1 /* JamTableViewCell.swift */ = {isa = PBXFileReference; fileEncoding = 4; lastKnownFileType = sourcecode.swift; path = JamTableViewCell.swift; sourceTree = "<group>"; };
		D67EF51E1ECE42FA00CA73B1 /* Session.swift */ = {isa = PBXFileReference; fileEncoding = 4; lastKnownFileType = sourcecode.swift; path = Session.swift; sourceTree = "<group>"; };
		D6AF456C1F1DAFA2005B0658 /* MyAudioViewController.swift */ = {isa = PBXFileReference; lastKnownFileType = sourcecode.swift; path = MyAudioViewController.swift; sourceTree = "<group>"; };
		D6C6712D20CF1AFD00468562 /* ProfileSettingsTableViewController.swift */ = {isa = PBXFileReference; lastKnownFileType = sourcecode.swift; path = ProfileSettingsTableViewController.swift; sourceTree = "<group>"; };
		D6C6712F20D1DEE500468562 /* EditSettingViewController.swift */ = {isa = PBXFileReference; lastKnownFileType = sourcecode.swift; path = EditSettingViewController.swift; sourceTree = "<group>"; };
		D6C6713520E090C200468562 /* countriesToCities.json */ = {isa = PBXFileReference; fileEncoding = 4; lastKnownFileType = text.json; path = countriesToCities.json; sourceTree = "<group>"; };
		D6C6713720ED7CDB00468562 /* SelectCountryTableViewController.swift */ = {isa = PBXFileReference; lastKnownFileType = sourcecode.swift; path = SelectCountryTableViewController.swift; sourceTree = "<group>"; };
		D6C6713920ED7D2100468562 /* SelectCityTableViewController.swift */ = {isa = PBXFileReference; lastKnownFileType = sourcecode.swift; path = SelectCityTableViewController.swift; sourceTree = "<group>"; };
		D6D16C311F0AF0DF0079314B /* CurrentJamViewController.swift */ = {isa = PBXFileReference; lastKnownFileType = sourcecode.swift; path = CurrentJamViewController.swift; sourceTree = "<group>"; };
		D6D16C351F0C30760079314B /* Musician.swift */ = {isa = PBXFileReference; lastKnownFileType = sourcecode.swift; path = Musician.swift; sourceTree = "<group>"; };
		D6D16C391F0C4CE70079314B /* NewSessionMusicianTableViewCell.swift */ = {isa = PBXFileReference; lastKnownFileType = sourcecode.swift; path = NewSessionMusicianTableViewCell.swift; sourceTree = "<group>"; };
		D6D16C3B1F0C4EAC0079314B /* CurrentJamMusicianTableViewCell.swift */ = {isa = PBXFileReference; lastKnownFileType = sourcecode.swift; path = CurrentJamMusicianTableViewCell.swift; sourceTree = "<group>"; };
		D6D7E15B1F3801B600473399 /* InvitationTableViewCell.swift */ = {isa = PBXFileReference; lastKnownFileType = sourcecode.swift; path = InvitationTableViewCell.swift; sourceTree = "<group>"; };
		D6DF31741F15D17D0070366A /* MyActiveSessionViewController.swift */ = {isa = PBXFileReference; lastKnownFileType = sourcecode.swift; path = MyActiveSessionViewController.swift; sourceTree = "<group>"; };
		D6E56EBA1F12B80B0021AE95 /* AudioViewController.swift */ = {isa = PBXFileReference; lastKnownFileType = sourcecode.swift; path = AudioViewController.swift; sourceTree = "<group>"; };
		D6E56EBC1F12B8810021AE95 /* SongsTableViewController.swift */ = {isa = PBXFileReference; lastKnownFileType = sourcecode.swift; path = SongsTableViewController.swift; sourceTree = "<group>"; };
		D6EB49541F084E8300F82CDE /* ProfilePictureViewController.swift */ = {isa = PBXFileReference; fileEncoding = 4; lastKnownFileType = sourcecode.swift; path = ProfilePictureViewController.swift; sourceTree = "<group>"; };
		D6EB49561F0852FA00F82CDE /* AdditionalInformationViewController.swift */ = {isa = PBXFileReference; fileEncoding = 4; lastKnownFileType = sourcecode.swift; path = AdditionalInformationViewController.swift; sourceTree = "<group>"; };
		D6F92FEB1ED2000400B3533F /* GoogleService-Info.plist */ = {isa = PBXFileReference; fileEncoding = 4; lastKnownFileType = text.plist.xml; path = "GoogleService-Info.plist"; sourceTree = SOURCE_ROOT; };
		D6F92FED1ED213AE00B3533F /* NewSessionViewController.swift */ = {isa = PBXFileReference; fileEncoding = 4; lastKnownFileType = sourcecode.swift; path = NewSessionViewController.swift; sourceTree = "<group>"; };
		D6FA3BC61F3671F1004E8B8F /* MySongsTableViewController.swift */ = {isa = PBXFileReference; lastKnownFileType = sourcecode.swift; path = MySongsTableViewController.swift; sourceTree = "<group>"; };
		D6FA3BC81F36728E004E8B8F /* MySongTableViewCell.swift */ = {isa = PBXFileReference; lastKnownFileType = sourcecode.swift; path = MySongTableViewCell.swift; sourceTree = "<group>"; };
		D6FA3BCC1F36ACE3004E8B8F /* SongTableViewCell.swift */ = {isa = PBXFileReference; lastKnownFileType = sourcecode.swift; path = SongTableViewCell.swift; sourceTree = "<group>"; };
		D6FE851D1ECCBD7A0020CEE6 /* JamHub.app */ = {isa = PBXFileReference; explicitFileType = wrapper.application; includeInIndex = 0; path = JamHub.app; sourceTree = BUILT_PRODUCTS_DIR; };
		D6FE85201ECCBD7A0020CEE6 /* AppDelegate.swift */ = {isa = PBXFileReference; lastKnownFileType = sourcecode.swift; path = AppDelegate.swift; sourceTree = "<group>"; };
		D6FE85251ECCBD7A0020CEE6 /* Base */ = {isa = PBXFileReference; lastKnownFileType = file.storyboard; name = Base; path = Base.lproj/Main.storyboard; sourceTree = "<group>"; };
		D6FE85271ECCBD7A0020CEE6 /* Assets.xcassets */ = {isa = PBXFileReference; lastKnownFileType = folder.assetcatalog; path = Assets.xcassets; sourceTree = "<group>"; };
		D6FE852A1ECCBD7A0020CEE6 /* Base */ = {isa = PBXFileReference; lastKnownFileType = file.storyboard; name = Base; path = Base.lproj/LaunchScreen.storyboard; sourceTree = "<group>"; };
		D6FE852C1ECCBD7A0020CEE6 /* Info.plist */ = {isa = PBXFileReference; lastKnownFileType = text.plist.xml; path = Info.plist; sourceTree = "<group>"; };
		D6FE85311ECCBD7B0020CEE6 /* JamHubTests.xctest */ = {isa = PBXFileReference; explicitFileType = wrapper.cfbundle; includeInIndex = 0; path = JamHubTests.xctest; sourceTree = BUILT_PRODUCTS_DIR; };
		D6FE85351ECCBD7B0020CEE6 /* JamHubTests.swift */ = {isa = PBXFileReference; lastKnownFileType = sourcecode.swift; path = JamHubTests.swift; sourceTree = "<group>"; };
		D6FE85371ECCBD7B0020CEE6 /* Info.plist */ = {isa = PBXFileReference; lastKnownFileType = text.plist.xml; path = Info.plist; sourceTree = "<group>"; };
		D6FE853C1ECCBD7B0020CEE6 /* JamHubUITests.xctest */ = {isa = PBXFileReference; explicitFileType = wrapper.cfbundle; includeInIndex = 0; path = JamHubUITests.xctest; sourceTree = BUILT_PRODUCTS_DIR; };
		D6FE85401ECCBD7B0020CEE6 /* JamHubUITests.swift */ = {isa = PBXFileReference; lastKnownFileType = sourcecode.swift; path = JamHubUITests.swift; sourceTree = "<group>"; };
		D6FE85421ECCBD7B0020CEE6 /* Info.plist */ = {isa = PBXFileReference; lastKnownFileType = text.plist.xml; path = Info.plist; sourceTree = "<group>"; };
		F62CD0EAA82CD05F7E768FA3 /* Pods_JamHub_JamHubUITests.framework */ = {isa = PBXFileReference; explicitFileType = wrapper.framework; includeInIndex = 0; path = Pods_JamHub_JamHubUITests.framework; sourceTree = BUILT_PRODUCTS_DIR; };
		F9ACBD3B1C769DAE6197FD5B /* Pods_JamHub_JamHubTests.framework */ = {isa = PBXFileReference; explicitFileType = wrapper.framework; includeInIndex = 0; path = Pods_JamHub_JamHubTests.framework; sourceTree = BUILT_PRODUCTS_DIR; };
/* End PBXFileReference section */

/* Begin PBXFrameworksBuildPhase section */
		D6FE851A1ECCBD7A0020CEE6 /* Frameworks */ = {
			isa = PBXFrameworksBuildPhase;
			buildActionMask = 2147483647;
			files = (
				7D15AB9A948060B83A9BE6C1 /* Pods_JamHub.framework in Frameworks */,
			);
			runOnlyForDeploymentPostprocessing = 0;
		};
		D6FE852E1ECCBD7B0020CEE6 /* Frameworks */ = {
			isa = PBXFrameworksBuildPhase;
			buildActionMask = 2147483647;
			files = (
				8BDAFDCFAEC44B335BECCB2D /* Pods_JamHub_JamHubTests.framework in Frameworks */,
			);
			runOnlyForDeploymentPostprocessing = 0;
		};
		D6FE85391ECCBD7B0020CEE6 /* Frameworks */ = {
			isa = PBXFrameworksBuildPhase;
			buildActionMask = 2147483647;
			files = (
				14FCB65278010459839BB6BA /* Pods_JamHub_JamHubUITests.framework in Frameworks */,
			);
			runOnlyForDeploymentPostprocessing = 0;
		};
/* End PBXFrameworksBuildPhase section */

/* Begin PBXGroup section */
		12C3266D3188235E2AFB67B4 /* Frameworks */ = {
			isa = PBXGroup;
			children = (
				591346670CC83740E5858C03 /* Pods_JamHub.framework */,
				F9ACBD3B1C769DAE6197FD5B /* Pods_JamHub_JamHubTests.framework */,
				F62CD0EAA82CD05F7E768FA3 /* Pods_JamHub_JamHubUITests.framework */,
			);
			name = Frameworks;
			sourceTree = "<group>";
		};
		D4E4748466359A97DA39D3F8 /* Pods */ = {
			isa = PBXGroup;
			children = (
				9C662731FAF84383F15FB8F1 /* Pods-JamHub.debug.xcconfig */,
				AEE71D54B88B6FF38DE419BA /* Pods-JamHub.release.xcconfig */,
				D25F6967B574E62EDA499085 /* Pods-JamHub-JamHubTests.debug.xcconfig */,
				6257586C376280DADF639068 /* Pods-JamHub-JamHubTests.release.xcconfig */,
				4A2443140C05691E44C4DA82 /* Pods-JamHub-JamHubUITests.debug.xcconfig */,
				AE474A0F9B5DEEDD6921449E /* Pods-JamHub-JamHubUITests.release.xcconfig */,
			);
			name = Pods;
			sourceTree = "<group>";
		};
		D6D16C221F09D4980079314B /* Helpers */ = {
			isa = PBXGroup;
			children = (
				D60DCB7F1F2EDFBF007E4010 /* Extensions.swift */,
			);
			name = Helpers;
			path = ..;
			sourceTree = "<group>";
		};
		D6FE85141ECCBD7A0020CEE6 = {
			isa = PBXGroup;
			children = (
				D6FE851F1ECCBD7A0020CEE6 /* JamHub */,
				D6FE85341ECCBD7B0020CEE6 /* JamHubTests */,
				D6FE853F1ECCBD7B0020CEE6 /* JamHubUITests */,
				D6FE851E1ECCBD7A0020CEE6 /* Products */,
				D4E4748466359A97DA39D3F8 /* Pods */,
				12C3266D3188235E2AFB67B4 /* Frameworks */,
			);
			sourceTree = "<group>";
		};
		D6FE851E1ECCBD7A0020CEE6 /* Products */ = {
			isa = PBXGroup;
			children = (
				D6FE851D1ECCBD7A0020CEE6 /* JamHub.app */,
				D6FE85311ECCBD7B0020CEE6 /* JamHubTests.xctest */,
				D6FE853C1ECCBD7B0020CEE6 /* JamHubUITests.xctest */,
			);
			name = Products;
			sourceTree = "<group>";
		};
		D6FE851F1ECCBD7A0020CEE6 /* JamHub */ = {
			isa = PBXGroup;
			children = (
				D6FE85201ECCBD7A0020CEE6 /* AppDelegate.swift */,
				D67EF51E1ECE42FA00CA73B1 /* Session.swift */,
				D6D16C351F0C30760079314B /* Musician.swift */,
				D67EF5121ECDFFA100CA73B1 /* MySessionsViewController.swift */,
				D67EF51A1ECE063000CA73B1 /* SessionTableViewCell.swift */,
				D6F92FED1ED213AE00B3533F /* NewSessionViewController.swift */,
				D6D16C391F0C4CE70079314B /* NewSessionMusicianTableViewCell.swift */,
				D633E7F721162BA5008FA1A1 /* InviteMusiciansTableViewController.swift */,
				D633E7F921162EA7008FA1A1 /* InviteMusiciansTableViewCell.swift */,
				D6DF31741F15D17D0070366A /* MyActiveSessionViewController.swift */,
				D6AF456C1F1DAFA2005B0658 /* MyAudioViewController.swift */,
				D6FA3BC61F3671F1004E8B8F /* MySongsTableViewController.swift */,
				D6FA3BC81F36728E004E8B8F /* MySongTableViewCell.swift */,
				D67EF5101ECDFF2A00CA73B1 /* CurrentJamsViewController.swift */,
				D67EF51C1ECE063F00CA73B1 /* JamTableViewCell.swift */,
				D6D16C311F0AF0DF0079314B /* CurrentJamViewController.swift */,
				D6D16C3B1F0C4EAC0079314B /* CurrentJamMusicianTableViewCell.swift */,
				D65AE9C11F11A6730049E6D1 /* ActiveCurrentSessionViewController.swift */,
				D65AE9C31F11B6D40049E6D1 /* OtherMusicianProfileViewController.swift */,
				D6E56EBA1F12B80B0021AE95 /* AudioViewController.swift */,
				D6E56EBC1F12B8810021AE95 /* SongsTableViewController.swift */,
				D6FA3BCC1F36ACE3004E8B8F /* SongTableViewCell.swift */,
				D61DFAD41F2D5CF600CB1F66 /* InvitationsTableViewController.swift */,
				D6D7E15B1F3801B600473399 /* InvitationTableViewCell.swift */,
				D67EF5141ECDFFE600CA73B1 /* ProfileViewController.swift */,
				D6C6712D20CF1AFD00468562 /* ProfileSettingsTableViewController.swift */,
				D6C6712F20D1DEE500468562 /* EditSettingViewController.swift */,
				D67EF5161ECE013900CA73B1 /* RegisterViewController.swift */,
				D67EF5181ECE015A00CA73B1 /* LoginViewController.swift */,
				D6EB49541F084E8300F82CDE /* ProfilePictureViewController.swift */,
				D6C6713720ED7CDB00468562 /* SelectCountryTableViewController.swift */,
				D6C6713920ED7D2100468562 /* SelectCityTableViewController.swift */,
				D66FECF9210E2CB8003AC643 /* EditCountryTableViewController.swift */,
				D66FECFB210E2CDE003AC643 /* EditCityTableViewController.swift */,
				D6EB49561F0852FA00F82CDE /* AdditionalInformationViewController.swift */,
				D6FE85241ECCBD7A0020CEE6 /* Main.storyboard */,
				D6FE85271ECCBD7A0020CEE6 /* Assets.xcassets */,
				D6FE85291ECCBD7A0020CEE6 /* LaunchScreen.storyboard */,
				D6C6713520E090C200468562 /* countriesToCities.json */,
				D6FE852C1ECCBD7A0020CEE6 /* Info.plist */,
				D6F92FEB1ED2000400B3533F /* GoogleService-Info.plist */,
				D6D16C221F09D4980079314B /* Helpers */,
			);
			path = JamHub;
			sourceTree = "<group>";
		};
		D6FE85341ECCBD7B0020CEE6 /* JamHubTests */ = {
			isa = PBXGroup;
			children = (
				D6FE85351ECCBD7B0020CEE6 /* JamHubTests.swift */,
				D6FE85371ECCBD7B0020CEE6 /* Info.plist */,
			);
			path = JamHubTests;
			sourceTree = "<group>";
		};
		D6FE853F1ECCBD7B0020CEE6 /* JamHubUITests */ = {
			isa = PBXGroup;
			children = (
				D6FE85401ECCBD7B0020CEE6 /* JamHubUITests.swift */,
				D6FE85421ECCBD7B0020CEE6 /* Info.plist */,
			);
			path = JamHubUITests;
			sourceTree = "<group>";
		};
/* End PBXGroup section */

/* Begin PBXNativeTarget section */
		D6FE851C1ECCBD7A0020CEE6 /* JamHub */ = {
			isa = PBXNativeTarget;
			buildConfigurationList = D6FE85451ECCBD7B0020CEE6 /* Build configuration list for PBXNativeTarget "JamHub" */;
			buildPhases = (
				8E5CF65F7EB99179D9123C38 /* [CP] Check Pods Manifest.lock */,
				D6FE85191ECCBD7A0020CEE6 /* Sources */,
				D6FE851A1ECCBD7A0020CEE6 /* Frameworks */,
				D6FE851B1ECCBD7A0020CEE6 /* Resources */,
				D6A9B0A01F2D5563001E723D /* Embed Frameworks */,
				C165F072D5793D010666FBA0 /* [CP] Embed Pods Frameworks */,
				8A4735A8A6071B62908E2C21 /* [CP] Copy Pods Resources */,
			);
			buildRules = (
			);
			dependencies = (
			);
			name = JamHub;
			productName = JamHub;
			productReference = D6FE851D1ECCBD7A0020CEE6 /* JamHub.app */;
			productType = "com.apple.product-type.application";
		};
		D6FE85301ECCBD7B0020CEE6 /* JamHubTests */ = {
			isa = PBXNativeTarget;
			buildConfigurationList = D6FE85481ECCBD7B0020CEE6 /* Build configuration list for PBXNativeTarget "JamHubTests" */;
			buildPhases = (
				42BE4B9FEFB37440344691F2 /* [CP] Check Pods Manifest.lock */,
				D6FE852D1ECCBD7B0020CEE6 /* Sources */,
				D6FE852E1ECCBD7B0020CEE6 /* Frameworks */,
				D6FE852F1ECCBD7B0020CEE6 /* Resources */,
				280CBCDD34983431FC3FB5D6 /* [CP] Embed Pods Frameworks */,
				16BBF891C025FF658517E0C5 /* [CP] Copy Pods Resources */,
			);
			buildRules = (
			);
			dependencies = (
				D6FE85331ECCBD7B0020CEE6 /* PBXTargetDependency */,
			);
			name = JamHubTests;
			productName = JamHubTests;
			productReference = D6FE85311ECCBD7B0020CEE6 /* JamHubTests.xctest */;
			productType = "com.apple.product-type.bundle.unit-test";
		};
		D6FE853B1ECCBD7B0020CEE6 /* JamHubUITests */ = {
			isa = PBXNativeTarget;
			buildConfigurationList = D6FE854B1ECCBD7B0020CEE6 /* Build configuration list for PBXNativeTarget "JamHubUITests" */;
			buildPhases = (
				BB7554FF0DBFDA03B589C23F /* [CP] Check Pods Manifest.lock */,
				D6FE85381ECCBD7B0020CEE6 /* Sources */,
				D6FE85391ECCBD7B0020CEE6 /* Frameworks */,
				D6FE853A1ECCBD7B0020CEE6 /* Resources */,
				4BE2C8DC4E888ADFAB409437 /* [CP] Embed Pods Frameworks */,
				B674214C24496E18DC79EB75 /* [CP] Copy Pods Resources */,
			);
			buildRules = (
			);
			dependencies = (
				D6FE853E1ECCBD7B0020CEE6 /* PBXTargetDependency */,
			);
			name = JamHubUITests;
			productName = JamHubUITests;
			productReference = D6FE853C1ECCBD7B0020CEE6 /* JamHubUITests.xctest */;
			productType = "com.apple.product-type.bundle.ui-testing";
		};
/* End PBXNativeTarget section */

/* Begin PBXProject section */
		D6FE85151ECCBD7A0020CEE6 /* Project object */ = {
			isa = PBXProject;
			attributes = {
				LastSwiftUpdateCheck = 0830;
				LastUpgradeCheck = 0940;
				ORGANIZATIONNAME = "Daniel Barychev";
				TargetAttributes = {
					D6FE851C1ECCBD7A0020CEE6 = {
						CreatedOnToolsVersion = 8.3.2;
						DevelopmentTeam = 2B35VTS4CU;
						LastSwiftMigration = 0940;
						ProvisioningStyle = Automatic;
					};
					D6FE85301ECCBD7B0020CEE6 = {
						CreatedOnToolsVersion = 8.3.2;
						DevelopmentTeam = 2B35VTS4CU;
						LastSwiftMigration = 0940;
						ProvisioningStyle = Automatic;
						TestTargetID = D6FE851C1ECCBD7A0020CEE6;
					};
					D6FE853B1ECCBD7B0020CEE6 = {
						CreatedOnToolsVersion = 8.3.2;
						DevelopmentTeam = 2B35VTS4CU;
						LastSwiftMigration = 0940;
						ProvisioningStyle = Automatic;
						TestTargetID = D6FE851C1ECCBD7A0020CEE6;
					};
				};
			};
			buildConfigurationList = D6FE85181ECCBD7A0020CEE6 /* Build configuration list for PBXProject "JamHub" */;
			compatibilityVersion = "Xcode 3.2";
			developmentRegion = English;
			hasScannedForEncodings = 0;
			knownRegions = (
				en,
				Base,
			);
			mainGroup = D6FE85141ECCBD7A0020CEE6;
			productRefGroup = D6FE851E1ECCBD7A0020CEE6 /* Products */;
			projectDirPath = "";
			projectRoot = "";
			targets = (
				D6FE851C1ECCBD7A0020CEE6 /* JamHub */,
				D6FE85301ECCBD7B0020CEE6 /* JamHubTests */,
				D6FE853B1ECCBD7B0020CEE6 /* JamHubUITests */,
			);
		};
/* End PBXProject section */

/* Begin PBXResourcesBuildPhase section */
		D6FE851B1ECCBD7A0020CEE6 /* Resources */ = {
			isa = PBXResourcesBuildPhase;
			buildActionMask = 2147483647;
			files = (
				D6FE852B1ECCBD7A0020CEE6 /* LaunchScreen.storyboard in Resources */,
				D6C6713620E090C300468562 /* countriesToCities.json in Resources */,
				D6F92FEC1ED2000400B3533F /* GoogleService-Info.plist in Resources */,
				D6FE85281ECCBD7A0020CEE6 /* Assets.xcassets in Resources */,
				D6FE85261ECCBD7A0020CEE6 /* Main.storyboard in Resources */,
			);
			runOnlyForDeploymentPostprocessing = 0;
		};
		D6FE852F1ECCBD7B0020CEE6 /* Resources */ = {
			isa = PBXResourcesBuildPhase;
			buildActionMask = 2147483647;
			files = (
			);
			runOnlyForDeploymentPostprocessing = 0;
		};
		D6FE853A1ECCBD7B0020CEE6 /* Resources */ = {
			isa = PBXResourcesBuildPhase;
			buildActionMask = 2147483647;
			files = (
			);
			runOnlyForDeploymentPostprocessing = 0;
		};
/* End PBXResourcesBuildPhase section */

/* Begin PBXShellScriptBuildPhase section */
		16BBF891C025FF658517E0C5 /* [CP] Copy Pods Resources */ = {
			isa = PBXShellScriptBuildPhase;
			buildActionMask = 2147483647;
			files = (
			);
			inputPaths = (
				"${SRCROOT}/Pods/Target Support Files/Pods-JamHub-JamHubTests/Pods-JamHub-JamHubTests-resources.sh",
				"${PODS_ROOT}/FBSDKCoreKit/FacebookSDKStrings.bundle",
			);
			name = "[CP] Copy Pods Resources";
			outputPaths = (
				"${TARGET_BUILD_DIR}/${UNLOCALIZED_RESOURCES_FOLDER_PATH}/FacebookSDKStrings.bundle",
			);
			runOnlyForDeploymentPostprocessing = 0;
			shellPath = /bin/sh;
			shellScript = "\"${SRCROOT}/Pods/Target Support Files/Pods-JamHub-JamHubTests/Pods-JamHub-JamHubTests-resources.sh\"\n";
			showEnvVarsInLog = 0;
		};
		280CBCDD34983431FC3FB5D6 /* [CP] Embed Pods Frameworks */ = {
			isa = PBXShellScriptBuildPhase;
			buildActionMask = 2147483647;
			files = (
			);
			inputPaths = (
				"${SRCROOT}/Pods/Target Support Files/Pods-JamHub-JamHubTests/Pods-JamHub-JamHubTests-frameworks.sh",
				"${BUILT_PRODUCTS_DIR}/Bolts/Bolts.framework",
				"${BUILT_PRODUCTS_DIR}/Canvas/Canvas.framework",
				"${BUILT_PRODUCTS_DIR}/FBSDKCoreKit/FBSDKCoreKit.framework",
				"${BUILT_PRODUCTS_DIR}/FBSDKLoginKit/FBSDKLoginKit.framework",
				"${BUILT_PRODUCTS_DIR}/FBSDKShareKit/FBSDKShareKit.framework",
				"${BUILT_PRODUCTS_DIR}/FacebookCore/FacebookCore.framework",
				"${BUILT_PRODUCTS_DIR}/FacebookLogin/FacebookLogin.framework",
				"${BUILT_PRODUCTS_DIR}/FacebookShare/FacebookShare.framework",
				"${BUILT_PRODUCTS_DIR}/GTMSessionFetcher/GTMSessionFetcher.framework",
				"${BUILT_PRODUCTS_DIR}/GoogleToolboxForMac/GoogleToolboxForMac.framework",
				"${BUILT_PRODUCTS_DIR}/leveldb-library/leveldb.framework",
				"${BUILT_PRODUCTS_DIR}/nanopb/nanopb.framework",
			);
			name = "[CP] Embed Pods Frameworks";
			outputPaths = (
				"${TARGET_BUILD_DIR}/${FRAMEWORKS_FOLDER_PATH}/Bolts.framework",
				"${TARGET_BUILD_DIR}/${FRAMEWORKS_FOLDER_PATH}/Canvas.framework",
				"${TARGET_BUILD_DIR}/${FRAMEWORKS_FOLDER_PATH}/FBSDKCoreKit.framework",
				"${TARGET_BUILD_DIR}/${FRAMEWORKS_FOLDER_PATH}/FBSDKLoginKit.framework",
				"${TARGET_BUILD_DIR}/${FRAMEWORKS_FOLDER_PATH}/FBSDKShareKit.framework",
				"${TARGET_BUILD_DIR}/${FRAMEWORKS_FOLDER_PATH}/FacebookCore.framework",
				"${TARGET_BUILD_DIR}/${FRAMEWORKS_FOLDER_PATH}/FacebookLogin.framework",
				"${TARGET_BUILD_DIR}/${FRAMEWORKS_FOLDER_PATH}/FacebookShare.framework",
				"${TARGET_BUILD_DIR}/${FRAMEWORKS_FOLDER_PATH}/GTMSessionFetcher.framework",
				"${TARGET_BUILD_DIR}/${FRAMEWORKS_FOLDER_PATH}/GoogleToolboxForMac.framework",
				"${TARGET_BUILD_DIR}/${FRAMEWORKS_FOLDER_PATH}/leveldb.framework",
				"${TARGET_BUILD_DIR}/${FRAMEWORKS_FOLDER_PATH}/nanopb.framework",
			);
			runOnlyForDeploymentPostprocessing = 0;
			shellPath = /bin/sh;
			shellScript = "\"${SRCROOT}/Pods/Target Support Files/Pods-JamHub-JamHubTests/Pods-JamHub-JamHubTests-frameworks.sh\"\n";
			showEnvVarsInLog = 0;
		};
		42BE4B9FEFB37440344691F2 /* [CP] Check Pods Manifest.lock */ = {
			isa = PBXShellScriptBuildPhase;
			buildActionMask = 2147483647;
			files = (
			);
			inputPaths = (
				"${PODS_PODFILE_DIR_PATH}/Podfile.lock",
				"${PODS_ROOT}/Manifest.lock",
			);
			name = "[CP] Check Pods Manifest.lock";
			outputPaths = (
				"$(DERIVED_FILE_DIR)/Pods-JamHub-JamHubTests-checkManifestLockResult.txt",
			);
			runOnlyForDeploymentPostprocessing = 0;
			shellPath = /bin/sh;
			shellScript = "diff \"${PODS_PODFILE_DIR_PATH}/Podfile.lock\" \"${PODS_ROOT}/Manifest.lock\" > /dev/null\nif [ $? != 0 ] ; then\n    # print error to STDERR\n    echo \"error: The sandbox is not in sync with the Podfile.lock. Run 'pod install' or update your CocoaPods installation.\" >&2\n    exit 1\nfi\n# This output is used by Xcode 'outputs' to avoid re-running this script phase.\necho \"SUCCESS\" > \"${SCRIPT_OUTPUT_FILE_0}\"\n";
			showEnvVarsInLog = 0;
		};
		4BE2C8DC4E888ADFAB409437 /* [CP] Embed Pods Frameworks */ = {
			isa = PBXShellScriptBuildPhase;
			buildActionMask = 2147483647;
			files = (
			);
			inputPaths = (
				"${SRCROOT}/Pods/Target Support Files/Pods-JamHub-JamHubUITests/Pods-JamHub-JamHubUITests-frameworks.sh",
				"${BUILT_PRODUCTS_DIR}/Bolts/Bolts.framework",
				"${BUILT_PRODUCTS_DIR}/Canvas/Canvas.framework",
				"${BUILT_PRODUCTS_DIR}/FBSDKCoreKit/FBSDKCoreKit.framework",
				"${BUILT_PRODUCTS_DIR}/FBSDKLoginKit/FBSDKLoginKit.framework",
				"${BUILT_PRODUCTS_DIR}/FBSDKShareKit/FBSDKShareKit.framework",
				"${BUILT_PRODUCTS_DIR}/FacebookCore/FacebookCore.framework",
				"${BUILT_PRODUCTS_DIR}/FacebookLogin/FacebookLogin.framework",
				"${BUILT_PRODUCTS_DIR}/FacebookShare/FacebookShare.framework",
				"${BUILT_PRODUCTS_DIR}/GTMSessionFetcher/GTMSessionFetcher.framework",
				"${BUILT_PRODUCTS_DIR}/GoogleToolboxForMac/GoogleToolboxForMac.framework",
				"${BUILT_PRODUCTS_DIR}/leveldb-library/leveldb.framework",
				"${BUILT_PRODUCTS_DIR}/nanopb/nanopb.framework",
			);
			name = "[CP] Embed Pods Frameworks";
			outputPaths = (
				"${TARGET_BUILD_DIR}/${FRAMEWORKS_FOLDER_PATH}/Bolts.framework",
				"${TARGET_BUILD_DIR}/${FRAMEWORKS_FOLDER_PATH}/Canvas.framework",
				"${TARGET_BUILD_DIR}/${FRAMEWORKS_FOLDER_PATH}/FBSDKCoreKit.framework",
				"${TARGET_BUILD_DIR}/${FRAMEWORKS_FOLDER_PATH}/FBSDKLoginKit.framework",
				"${TARGET_BUILD_DIR}/${FRAMEWORKS_FOLDER_PATH}/FBSDKShareKit.framework",
				"${TARGET_BUILD_DIR}/${FRAMEWORKS_FOLDER_PATH}/FacebookCore.framework",
				"${TARGET_BUILD_DIR}/${FRAMEWORKS_FOLDER_PATH}/FacebookLogin.framework",
				"${TARGET_BUILD_DIR}/${FRAMEWORKS_FOLDER_PATH}/FacebookShare.framework",
				"${TARGET_BUILD_DIR}/${FRAMEWORKS_FOLDER_PATH}/GTMSessionFetcher.framework",
				"${TARGET_BUILD_DIR}/${FRAMEWORKS_FOLDER_PATH}/GoogleToolboxForMac.framework",
				"${TARGET_BUILD_DIR}/${FRAMEWORKS_FOLDER_PATH}/leveldb.framework",
				"${TARGET_BUILD_DIR}/${FRAMEWORKS_FOLDER_PATH}/nanopb.framework",
			);
			runOnlyForDeploymentPostprocessing = 0;
			shellPath = /bin/sh;
			shellScript = "\"${SRCROOT}/Pods/Target Support Files/Pods-JamHub-JamHubUITests/Pods-JamHub-JamHubUITests-frameworks.sh\"\n";
			showEnvVarsInLog = 0;
		};
		8A4735A8A6071B62908E2C21 /* [CP] Copy Pods Resources */ = {
			isa = PBXShellScriptBuildPhase;
			buildActionMask = 2147483647;
			files = (
			);
			inputPaths = (
				"${SRCROOT}/Pods/Target Support Files/Pods-JamHub/Pods-JamHub-resources.sh",
				"${PODS_ROOT}/FBSDKCoreKit/FacebookSDKStrings.bundle",
			);
			name = "[CP] Copy Pods Resources";
			outputPaths = (
				"${TARGET_BUILD_DIR}/${UNLOCALIZED_RESOURCES_FOLDER_PATH}/FacebookSDKStrings.bundle",
			);
			runOnlyForDeploymentPostprocessing = 0;
			shellPath = /bin/sh;
			shellScript = "\"${SRCROOT}/Pods/Target Support Files/Pods-JamHub/Pods-JamHub-resources.sh\"\n";
			showEnvVarsInLog = 0;
		};
		8E5CF65F7EB99179D9123C38 /* [CP] Check Pods Manifest.lock */ = {
			isa = PBXShellScriptBuildPhase;
			buildActionMask = 2147483647;
			files = (
			);
			inputPaths = (
				"${PODS_PODFILE_DIR_PATH}/Podfile.lock",
				"${PODS_ROOT}/Manifest.lock",
			);
			name = "[CP] Check Pods Manifest.lock";
			outputPaths = (
				"$(DERIVED_FILE_DIR)/Pods-JamHub-checkManifestLockResult.txt",
			);
			runOnlyForDeploymentPostprocessing = 0;
			shellPath = /bin/sh;
			shellScript = "diff \"${PODS_PODFILE_DIR_PATH}/Podfile.lock\" \"${PODS_ROOT}/Manifest.lock\" > /dev/null\nif [ $? != 0 ] ; then\n    # print error to STDERR\n    echo \"error: The sandbox is not in sync with the Podfile.lock. Run 'pod install' or update your CocoaPods installation.\" >&2\n    exit 1\nfi\n# This output is used by Xcode 'outputs' to avoid re-running this script phase.\necho \"SUCCESS\" > \"${SCRIPT_OUTPUT_FILE_0}\"\n";
			showEnvVarsInLog = 0;
		};
		B674214C24496E18DC79EB75 /* [CP] Copy Pods Resources */ = {
			isa = PBXShellScriptBuildPhase;
			buildActionMask = 2147483647;
			files = (
			);
			inputPaths = (
				"${SRCROOT}/Pods/Target Support Files/Pods-JamHub-JamHubUITests/Pods-JamHub-JamHubUITests-resources.sh",
				"${PODS_ROOT}/FBSDKCoreKit/FacebookSDKStrings.bundle",
			);
			name = "[CP] Copy Pods Resources";
			outputPaths = (
				"${TARGET_BUILD_DIR}/${UNLOCALIZED_RESOURCES_FOLDER_PATH}/FacebookSDKStrings.bundle",
			);
			runOnlyForDeploymentPostprocessing = 0;
			shellPath = /bin/sh;
			shellScript = "\"${SRCROOT}/Pods/Target Support Files/Pods-JamHub-JamHubUITests/Pods-JamHub-JamHubUITests-resources.sh\"\n";
			showEnvVarsInLog = 0;
		};
		BB7554FF0DBFDA03B589C23F /* [CP] Check Pods Manifest.lock */ = {
			isa = PBXShellScriptBuildPhase;
			buildActionMask = 2147483647;
			files = (
			);
			inputPaths = (
				"${PODS_PODFILE_DIR_PATH}/Podfile.lock",
				"${PODS_ROOT}/Manifest.lock",
			);
			name = "[CP] Check Pods Manifest.lock";
			outputPaths = (
				"$(DERIVED_FILE_DIR)/Pods-JamHub-JamHubUITests-checkManifestLockResult.txt",
			);
			runOnlyForDeploymentPostprocessing = 0;
			shellPath = /bin/sh;
			shellScript = "diff \"${PODS_PODFILE_DIR_PATH}/Podfile.lock\" \"${PODS_ROOT}/Manifest.lock\" > /dev/null\nif [ $? != 0 ] ; then\n    # print error to STDERR\n    echo \"error: The sandbox is not in sync with the Podfile.lock. Run 'pod install' or update your CocoaPods installation.\" >&2\n    exit 1\nfi\n# This output is used by Xcode 'outputs' to avoid re-running this script phase.\necho \"SUCCESS\" > \"${SCRIPT_OUTPUT_FILE_0}\"\n";
			showEnvVarsInLog = 0;
		};
		C165F072D5793D010666FBA0 /* [CP] Embed Pods Frameworks */ = {
			isa = PBXShellScriptBuildPhase;
			buildActionMask = 2147483647;
			files = (
			);
			inputPaths = (
				"${SRCROOT}/Pods/Target Support Files/Pods-JamHub/Pods-JamHub-frameworks.sh",
				"${BUILT_PRODUCTS_DIR}/Bolts/Bolts.framework",
				"${BUILT_PRODUCTS_DIR}/Canvas/Canvas.framework",
				"${BUILT_PRODUCTS_DIR}/FBSDKCoreKit/FBSDKCoreKit.framework",
				"${BUILT_PRODUCTS_DIR}/FBSDKLoginKit/FBSDKLoginKit.framework",
				"${BUILT_PRODUCTS_DIR}/FBSDKShareKit/FBSDKShareKit.framework",
				"${BUILT_PRODUCTS_DIR}/FacebookCore/FacebookCore.framework",
				"${BUILT_PRODUCTS_DIR}/FacebookLogin/FacebookLogin.framework",
				"${BUILT_PRODUCTS_DIR}/FacebookShare/FacebookShare.framework",
				"${BUILT_PRODUCTS_DIR}/GTMSessionFetcher/GTMSessionFetcher.framework",
				"${BUILT_PRODUCTS_DIR}/GoogleToolboxForMac/GoogleToolboxForMac.framework",
				"${BUILT_PRODUCTS_DIR}/leveldb-library/leveldb.framework",
				"${BUILT_PRODUCTS_DIR}/nanopb/nanopb.framework",
			);
			name = "[CP] Embed Pods Frameworks";
			outputPaths = (
				"${TARGET_BUILD_DIR}/${FRAMEWORKS_FOLDER_PATH}/Bolts.framework",
				"${TARGET_BUILD_DIR}/${FRAMEWORKS_FOLDER_PATH}/Canvas.framework",
				"${TARGET_BUILD_DIR}/${FRAMEWORKS_FOLDER_PATH}/FBSDKCoreKit.framework",
				"${TARGET_BUILD_DIR}/${FRAMEWORKS_FOLDER_PATH}/FBSDKLoginKit.framework",
				"${TARGET_BUILD_DIR}/${FRAMEWORKS_FOLDER_PATH}/FBSDKShareKit.framework",
				"${TARGET_BUILD_DIR}/${FRAMEWORKS_FOLDER_PATH}/FacebookCore.framework",
				"${TARGET_BUILD_DIR}/${FRAMEWORKS_FOLDER_PATH}/FacebookLogin.framework",
				"${TARGET_BUILD_DIR}/${FRAMEWORKS_FOLDER_PATH}/FacebookShare.framework",
				"${TARGET_BUILD_DIR}/${FRAMEWORKS_FOLDER_PATH}/GTMSessionFetcher.framework",
				"${TARGET_BUILD_DIR}/${FRAMEWORKS_FOLDER_PATH}/GoogleToolboxForMac.framework",
				"${TARGET_BUILD_DIR}/${FRAMEWORKS_FOLDER_PATH}/leveldb.framework",
				"${TARGET_BUILD_DIR}/${FRAMEWORKS_FOLDER_PATH}/nanopb.framework",
			);
			runOnlyForDeploymentPostprocessing = 0;
			shellPath = /bin/sh;
			shellScript = "\"${SRCROOT}/Pods/Target Support Files/Pods-JamHub/Pods-JamHub-frameworks.sh\"\n";
			showEnvVarsInLog = 0;
		};
/* End PBXShellScriptBuildPhase section */

/* Begin PBXSourcesBuildPhase section */
		D6FE85191ECCBD7A0020CEE6 /* Sources */ = {
			isa = PBXSourcesBuildPhase;
			buildActionMask = 2147483647;
			files = (
				D65AE9C21F11A6730049E6D1 /* ActiveCurrentSessionViewController.swift in Sources */,
				D67EF5191ECE015A00CA73B1 /* LoginViewController.swift in Sources */,
				D6D16C3A1F0C4CE70079314B /* NewSessionMusicianTableViewCell.swift in Sources */,
				D6C6713A20ED7D2100468562 /* SelectCityTableViewController.swift in Sources */,
				D6EB49551F084E8300F82CDE /* ProfilePictureViewController.swift in Sources */,
				D6E56EBD1F12B8810021AE95 /* SongsTableViewController.swift in Sources */,
				D6C6713820ED7CDB00468562 /* SelectCountryTableViewController.swift in Sources */,
				D66FECFC210E2CDE003AC643 /* EditCityTableViewController.swift in Sources */,
				D6D16C361F0C30760079314B /* Musician.swift in Sources */,
				D6FA3BCD1F36ACE3004E8B8F /* SongTableViewCell.swift in Sources */,
				D67EF51B1ECE063000CA73B1 /* SessionTableViewCell.swift in Sources */,
				D6AF456D1F1DAFA2005B0658 /* MyAudioViewController.swift in Sources */,
				D67EF5131ECDFFA100CA73B1 /* MySessionsViewController.swift in Sources */,
				D61DFAD51F2D5CF600CB1F66 /* InvitationsTableViewController.swift in Sources */,
				D6FA3BC91F36728E004E8B8F /* MySongTableViewCell.swift in Sources */,
				D6D16C3C1F0C4EAC0079314B /* CurrentJamMusicianTableViewCell.swift in Sources */,
				D67EF5171ECE013900CA73B1 /* RegisterViewController.swift in Sources */,
				D65AE9C41F11B6D40049E6D1 /* OtherMusicianProfileViewController.swift in Sources */,
				D67EF51D1ECE063F00CA73B1 /* JamTableViewCell.swift in Sources */,
				D67EF5111ECDFF2A00CA73B1 /* CurrentJamsViewController.swift in Sources */,
				D66FECFA210E2CB8003AC643 /* EditCountryTableViewController.swift in Sources */,
				D6C6712E20CF1AFD00468562 /* ProfileSettingsTableViewController.swift in Sources */,
				D6D7E15C1F3801B600473399 /* InvitationTableViewCell.swift in Sources */,
				D633E7FA21162EA7008FA1A1 /* InviteMusiciansTableViewCell.swift in Sources */,
				D633E7F821162BA5008FA1A1 /* InviteMusiciansTableViewController.swift in Sources */,
				D67EF5151ECDFFE600CA73B1 /* ProfileViewController.swift in Sources */,
				D6C6713020D1DEE500468562 /* EditSettingViewController.swift in Sources */,
				D6EB49571F0852FA00F82CDE /* AdditionalInformationViewController.swift in Sources */,
				D6FE85211ECCBD7A0020CEE6 /* AppDelegate.swift in Sources */,
				D6D16C321F0AF0DF0079314B /* CurrentJamViewController.swift in Sources */,
				D6DF31751F15D17D0070366A /* MyActiveSessionViewController.swift in Sources */,
				D6F92FEE1ED213AE00B3533F /* NewSessionViewController.swift in Sources */,
				D6E56EBB1F12B80B0021AE95 /* AudioViewController.swift in Sources */,
				D6FA3BC71F3671F1004E8B8F /* MySongsTableViewController.swift in Sources */,
				D67EF51F1ECE42FA00CA73B1 /* Session.swift in Sources */,
				D60DCB801F2EDFBF007E4010 /* Extensions.swift in Sources */,
			);
			runOnlyForDeploymentPostprocessing = 0;
		};
		D6FE852D1ECCBD7B0020CEE6 /* Sources */ = {
			isa = PBXSourcesBuildPhase;
			buildActionMask = 2147483647;
			files = (
				D6FE85361ECCBD7B0020CEE6 /* JamHubTests.swift in Sources */,
			);
			runOnlyForDeploymentPostprocessing = 0;
		};
		D6FE85381ECCBD7B0020CEE6 /* Sources */ = {
			isa = PBXSourcesBuildPhase;
			buildActionMask = 2147483647;
			files = (
				D6FE85411ECCBD7B0020CEE6 /* JamHubUITests.swift in Sources */,
			);
			runOnlyForDeploymentPostprocessing = 0;
		};
/* End PBXSourcesBuildPhase section */

/* Begin PBXTargetDependency section */
		D6FE85331ECCBD7B0020CEE6 /* PBXTargetDependency */ = {
			isa = PBXTargetDependency;
			target = D6FE851C1ECCBD7A0020CEE6 /* JamHub */;
			targetProxy = D6FE85321ECCBD7B0020CEE6 /* PBXContainerItemProxy */;
		};
		D6FE853E1ECCBD7B0020CEE6 /* PBXTargetDependency */ = {
			isa = PBXTargetDependency;
			target = D6FE851C1ECCBD7A0020CEE6 /* JamHub */;
			targetProxy = D6FE853D1ECCBD7B0020CEE6 /* PBXContainerItemProxy */;
		};
/* End PBXTargetDependency section */

/* Begin PBXVariantGroup section */
		D6FE85241ECCBD7A0020CEE6 /* Main.storyboard */ = {
			isa = PBXVariantGroup;
			children = (
				D6FE85251ECCBD7A0020CEE6 /* Base */,
			);
			name = Main.storyboard;
			sourceTree = "<group>";
		};
		D6FE85291ECCBD7A0020CEE6 /* LaunchScreen.storyboard */ = {
			isa = PBXVariantGroup;
			children = (
				D6FE852A1ECCBD7A0020CEE6 /* Base */,
			);
			name = LaunchScreen.storyboard;
			sourceTree = "<group>";
		};
/* End PBXVariantGroup section */

/* Begin XCBuildConfiguration section */
		D6FE85431ECCBD7B0020CEE6 /* Debug */ = {
			isa = XCBuildConfiguration;
			buildSettings = {
				ALWAYS_SEARCH_USER_PATHS = NO;
				CLANG_ANALYZER_NONNULL = YES;
				CLANG_ANALYZER_NUMBER_OBJECT_CONVERSION = YES_AGGRESSIVE;
				CLANG_CXX_LANGUAGE_STANDARD = "gnu++0x";
				CLANG_CXX_LIBRARY = "libc++";
				CLANG_ENABLE_MODULES = YES;
				CLANG_ENABLE_OBJC_ARC = YES;
				CLANG_WARN_BLOCK_CAPTURE_AUTORELEASING = YES;
				CLANG_WARN_BOOL_CONVERSION = YES;
				CLANG_WARN_COMMA = YES;
				CLANG_WARN_CONSTANT_CONVERSION = YES;
				CLANG_WARN_DEPRECATED_OBJC_IMPLEMENTATIONS = YES;
				CLANG_WARN_DIRECT_OBJC_ISA_USAGE = YES_ERROR;
				CLANG_WARN_DOCUMENTATION_COMMENTS = YES;
				CLANG_WARN_EMPTY_BODY = YES;
				CLANG_WARN_ENUM_CONVERSION = YES;
				CLANG_WARN_INFINITE_RECURSION = YES;
				CLANG_WARN_INT_CONVERSION = YES;
				CLANG_WARN_NON_LITERAL_NULL_CONVERSION = YES;
				CLANG_WARN_OBJC_IMPLICIT_RETAIN_SELF = YES;
				CLANG_WARN_OBJC_LITERAL_CONVERSION = YES;
				CLANG_WARN_OBJC_ROOT_CLASS = YES_ERROR;
				CLANG_WARN_RANGE_LOOP_ANALYSIS = YES;
				CLANG_WARN_STRICT_PROTOTYPES = YES;
				CLANG_WARN_SUSPICIOUS_MOVE = YES;
				CLANG_WARN_UNREACHABLE_CODE = YES;
				CLANG_WARN__DUPLICATE_METHOD_MATCH = YES;
				"CODE_SIGN_IDENTITY[sdk=iphoneos*]" = "iPhone Developer";
				COPY_PHASE_STRIP = NO;
				DEBUG_INFORMATION_FORMAT = dwarf;
				ENABLE_STRICT_OBJC_MSGSEND = YES;
				ENABLE_TESTABILITY = YES;
				GCC_C_LANGUAGE_STANDARD = gnu99;
				GCC_DYNAMIC_NO_PIC = NO;
				GCC_NO_COMMON_BLOCKS = YES;
				GCC_OPTIMIZATION_LEVEL = 0;
				GCC_PREPROCESSOR_DEFINITIONS = (
					"DEBUG=1",
					"$(inherited)",
				);
				GCC_WARN_64_TO_32_BIT_CONVERSION = YES;
				GCC_WARN_ABOUT_RETURN_TYPE = YES_ERROR;
				GCC_WARN_UNDECLARED_SELECTOR = YES;
				GCC_WARN_UNINITIALIZED_AUTOS = YES_AGGRESSIVE;
				GCC_WARN_UNUSED_FUNCTION = YES;
				GCC_WARN_UNUSED_VARIABLE = YES;
				HEADER_SEARCH_PATHS = "\"${PODS_ROOT}/VideoCore\"/**";
				IPHONEOS_DEPLOYMENT_TARGET = 11.4;
				MTL_ENABLE_DEBUG_INFO = YES;
				ONLY_ACTIVE_ARCH = YES;
				SDKROOT = iphoneos;
				SWIFT_ACTIVE_COMPILATION_CONDITIONS = DEBUG;
				SWIFT_OPTIMIZATION_LEVEL = "-Onone";
				TARGETED_DEVICE_FAMILY = "1,2";
				USER_HEADER_SEARCH_PATHS = "\"${PODS_ROOT}/VideoCore\"/**";
			};
			name = Debug;
		};
		D6FE85441ECCBD7B0020CEE6 /* Release */ = {
			isa = XCBuildConfiguration;
			buildSettings = {
				ALWAYS_SEARCH_USER_PATHS = NO;
				CLANG_ANALYZER_NONNULL = YES;
				CLANG_ANALYZER_NUMBER_OBJECT_CONVERSION = YES_AGGRESSIVE;
				CLANG_CXX_LANGUAGE_STANDARD = "gnu++0x";
				CLANG_CXX_LIBRARY = "libc++";
				CLANG_ENABLE_MODULES = YES;
				CLANG_ENABLE_OBJC_ARC = YES;
				CLANG_WARN_BLOCK_CAPTURE_AUTORELEASING = YES;
				CLANG_WARN_BOOL_CONVERSION = YES;
				CLANG_WARN_COMMA = YES;
				CLANG_WARN_CONSTANT_CONVERSION = YES;
				CLANG_WARN_DEPRECATED_OBJC_IMPLEMENTATIONS = YES;
				CLANG_WARN_DIRECT_OBJC_ISA_USAGE = YES_ERROR;
				CLANG_WARN_DOCUMENTATION_COMMENTS = YES;
				CLANG_WARN_EMPTY_BODY = YES;
				CLANG_WARN_ENUM_CONVERSION = YES;
				CLANG_WARN_INFINITE_RECURSION = YES;
				CLANG_WARN_INT_CONVERSION = YES;
				CLANG_WARN_NON_LITERAL_NULL_CONVERSION = YES;
				CLANG_WARN_OBJC_IMPLICIT_RETAIN_SELF = YES;
				CLANG_WARN_OBJC_LITERAL_CONVERSION = YES;
				CLANG_WARN_OBJC_ROOT_CLASS = YES_ERROR;
				CLANG_WARN_RANGE_LOOP_ANALYSIS = YES;
				CLANG_WARN_STRICT_PROTOTYPES = YES;
				CLANG_WARN_SUSPICIOUS_MOVE = YES;
				CLANG_WARN_UNREACHABLE_CODE = YES;
				CLANG_WARN__DUPLICATE_METHOD_MATCH = YES;
				"CODE_SIGN_IDENTITY[sdk=iphoneos*]" = "iPhone Developer";
				COPY_PHASE_STRIP = NO;
				DEBUG_INFORMATION_FORMAT = "dwarf-with-dsym";
				ENABLE_NS_ASSERTIONS = NO;
				ENABLE_STRICT_OBJC_MSGSEND = YES;
				GCC_C_LANGUAGE_STANDARD = gnu99;
				GCC_NO_COMMON_BLOCKS = YES;
				GCC_WARN_64_TO_32_BIT_CONVERSION = YES;
				GCC_WARN_ABOUT_RETURN_TYPE = YES_ERROR;
				GCC_WARN_UNDECLARED_SELECTOR = YES;
				GCC_WARN_UNINITIALIZED_AUTOS = YES_AGGRESSIVE;
				GCC_WARN_UNUSED_FUNCTION = YES;
				GCC_WARN_UNUSED_VARIABLE = YES;
				HEADER_SEARCH_PATHS = "\"${PODS_ROOT}/VideoCore\"/**";
				IPHONEOS_DEPLOYMENT_TARGET = 11.4;
				MTL_ENABLE_DEBUG_INFO = NO;
				SDKROOT = iphoneos;
				SWIFT_OPTIMIZATION_LEVEL = "-Owholemodule";
				TARGETED_DEVICE_FAMILY = "1,2";
				USER_HEADER_SEARCH_PATHS = "\"${PODS_ROOT}/VideoCore\"/**";
				VALIDATE_PRODUCT = YES;
			};
			name = Release;
		};
		D6FE85461ECCBD7B0020CEE6 /* Debug */ = {
			isa = XCBuildConfiguration;
			baseConfigurationReference = 9C662731FAF84383F15FB8F1 /* Pods-JamHub.debug.xcconfig */;
			buildSettings = {
				ASSETCATALOG_COMPILER_APPICON_NAME = AppIcon;
				CODE_SIGN_IDENTITY = "iPhone Developer";
				CODE_SIGN_STYLE = Automatic;
				DEVELOPMENT_TEAM = 2B35VTS4CU;
				FRAMEWORK_SEARCH_PATHS = (
					"$(inherited)",
					"$(PROJECT_DIR)/Carthage/Build/iOS",
					"$(PROJECT_DIR)",
				);
				HEADER_SEARCH_PATHS = (
					"$(inherited)",
					"${PODS_ROOT}/Firebase/CoreOnly/Sources",
					"${PODS_ROOT}/boost",
					"\"${PODS_ROOT}/boost\"",
					"\"${PODS_ROOT}/Headers/Public\"",
					"\"${PODS_ROOT}/Headers/Public/Bolts\"",
					"\"${PODS_ROOT}/Headers/Public/Canvas\"",
					"\"${PODS_ROOT}/Headers/Public/FBSDKCoreKit\"",
					"\"${PODS_ROOT}/Headers/Public/FBSDKLoginKit\"",
					"\"${PODS_ROOT}/Headers/Public/FBSDKShareKit\"",
					"\"${PODS_ROOT}/Headers/Public/Firebase\"",
					"\"${PODS_ROOT}/Headers/Public/FirebaseAnalytics\"",
					"\"${PODS_ROOT}/Headers/Public/FirebaseAuth\"",
					"\"${PODS_ROOT}/Headers/Public/FirebaseCore\"",
					"\"${PODS_ROOT}/Headers/Public/FirebaseDatabase\"",
					"\"${PODS_ROOT}/Headers/Public/FirebaseInstanceID\"",
					"\"${PODS_ROOT}/Headers/Public/FirebaseStorage\"",
					"\"${PODS_ROOT}/Headers/Public/GTMSessionFetcher\"",
					"\"${PODS_ROOT}/Headers/Public/GoogleToolboxForMac\"",
					"\"${PODS_ROOT}/Headers/Public/UriParser-cpp\"",
					"\"${PODS_ROOT}/Headers/Public/VideoCore\"",
					"\"${PODS_ROOT}/Headers/Public/glm\"",
					"\"${PODS_ROOT}/Headers/Public/leveldb-library\"",
					"\"${PODS_ROOT}/Headers/Public/nanopb\"",
					"\"${PODS_ROOT}/VideoCore\"/**",
				);
				INFOPLIST_FILE = JamHub/Info.plist;
				IPHONEOS_DEPLOYMENT_TARGET = 11.4;
				LD_RUNPATH_SEARCH_PATHS = "$(inherited) @executable_path/Frameworks";
				PRODUCT_BUNDLE_IDENTIFIER = com.jamhubapplication.JamHub;
				PRODUCT_NAME = "$(TARGET_NAME)";
				PROVISIONING_PROFILE_SPECIFIER = "";
				SWIFT_INSTALL_OBJC_HEADER = NO;
				SWIFT_OBJC_BRIDGING_HEADER = "";
				SWIFT_SWIFT3_OBJC_INFERENCE = On;
				SWIFT_VERSION = 4.0;
				USER_HEADER_SEARCH_PATHS = "\"${PODS_ROOT}/VideoCore\"/**";
			};
			name = Debug;
		};
		D6FE85471ECCBD7B0020CEE6 /* Release */ = {
			isa = XCBuildConfiguration;
			baseConfigurationReference = AEE71D54B88B6FF38DE419BA /* Pods-JamHub.release.xcconfig */;
			buildSettings = {
				ASSETCATALOG_COMPILER_APPICON_NAME = AppIcon;
				CODE_SIGN_IDENTITY = "iPhone Developer";
				CODE_SIGN_STYLE = Automatic;
				DEVELOPMENT_TEAM = 2B35VTS4CU;
				FRAMEWORK_SEARCH_PATHS = (
					"$(inherited)",
					"$(PROJECT_DIR)/Carthage/Build/iOS",
					"$(PROJECT_DIR)",
				);
				HEADER_SEARCH_PATHS = (
					"$(inherited)",
					"${PODS_ROOT}/Firebase/CoreOnly/Sources",
					"${PODS_ROOT}/boost",
					"\"${PODS_ROOT}/boost\"",
					"\"${PODS_ROOT}/Headers/Public\"",
					"\"${PODS_ROOT}/Headers/Public/Bolts\"",
					"\"${PODS_ROOT}/Headers/Public/Canvas\"",
					"\"${PODS_ROOT}/Headers/Public/FBSDKCoreKit\"",
					"\"${PODS_ROOT}/Headers/Public/FBSDKLoginKit\"",
					"\"${PODS_ROOT}/Headers/Public/FBSDKShareKit\"",
					"\"${PODS_ROOT}/Headers/Public/Firebase\"",
					"\"${PODS_ROOT}/Headers/Public/FirebaseAnalytics\"",
					"\"${PODS_ROOT}/Headers/Public/FirebaseAuth\"",
					"\"${PODS_ROOT}/Headers/Public/FirebaseCore\"",
					"\"${PODS_ROOT}/Headers/Public/FirebaseDatabase\"",
					"\"${PODS_ROOT}/Headers/Public/FirebaseInstanceID\"",
					"\"${PODS_ROOT}/Headers/Public/FirebaseStorage\"",
					"\"${PODS_ROOT}/Headers/Public/GTMSessionFetcher\"",
					"\"${PODS_ROOT}/Headers/Public/GoogleToolboxForMac\"",
					"\"${PODS_ROOT}/Headers/Public/UriParser-cpp\"",
					"\"${PODS_ROOT}/Headers/Public/VideoCore\"",
					"\"${PODS_ROOT}/Headers/Public/glm\"",
					"\"${PODS_ROOT}/Headers/Public/leveldb-library\"",
					"\"${PODS_ROOT}/Headers/Public/nanopb\"",
					"\"${PODS_ROOT}/VideoCore\"/**",
				);
				INFOPLIST_FILE = JamHub/Info.plist;
				IPHONEOS_DEPLOYMENT_TARGET = 11.4;
				LD_RUNPATH_SEARCH_PATHS = "$(inherited) @executable_path/Frameworks";
				PRODUCT_BUNDLE_IDENTIFIER = com.jamhubapplication.JamHub;
				PRODUCT_NAME = "$(TARGET_NAME)";
				PROVISIONING_PROFILE_SPECIFIER = "";
				SWIFT_INSTALL_OBJC_HEADER = NO;
				SWIFT_OBJC_BRIDGING_HEADER = "";
				SWIFT_SWIFT3_OBJC_INFERENCE = On;
				SWIFT_VERSION = 4.0;
				USER_HEADER_SEARCH_PATHS = "\"${PODS_ROOT}/VideoCore\"/**";
			};
			name = Release;
		};
		D6FE85491ECCBD7B0020CEE6 /* Debug */ = {
			isa = XCBuildConfiguration;
			baseConfigurationReference = D25F6967B574E62EDA499085 /* Pods-JamHub-JamHubTests.debug.xcconfig */;
			buildSettings = {
				ALWAYS_EMBED_SWIFT_STANDARD_LIBRARIES = YES;
				BUNDLE_LOADER = "$(TEST_HOST)";
				DEVELOPMENT_TEAM = 2B35VTS4CU;
				INFOPLIST_FILE = JamHubTests/Info.plist;
				LD_RUNPATH_SEARCH_PATHS = "$(inherited) @executable_path/Frameworks @loader_path/Frameworks";
				PRODUCT_BUNDLE_IDENTIFIER = com.jamhubapplication.JamHubTests;
				PRODUCT_NAME = "$(TARGET_NAME)";
				SWIFT_SWIFT3_OBJC_INFERENCE = On;
				SWIFT_VERSION = 4.0;
				TEST_HOST = "$(BUILT_PRODUCTS_DIR)/JamHub.app/JamHub";
			};
			name = Debug;
		};
		D6FE854A1ECCBD7B0020CEE6 /* Release */ = {
			isa = XCBuildConfiguration;
			baseConfigurationReference = 6257586C376280DADF639068 /* Pods-JamHub-JamHubTests.release.xcconfig */;
			buildSettings = {
				ALWAYS_EMBED_SWIFT_STANDARD_LIBRARIES = YES;
				BUNDLE_LOADER = "$(TEST_HOST)";
				DEVELOPMENT_TEAM = 2B35VTS4CU;
				INFOPLIST_FILE = JamHubTests/Info.plist;
				LD_RUNPATH_SEARCH_PATHS = "$(inherited) @executable_path/Frameworks @loader_path/Frameworks";
				PRODUCT_BUNDLE_IDENTIFIER = com.jamhubapplication.JamHubTests;
				PRODUCT_NAME = "$(TARGET_NAME)";
				SWIFT_SWIFT3_OBJC_INFERENCE = On;
				SWIFT_VERSION = 4.0;
				TEST_HOST = "$(BUILT_PRODUCTS_DIR)/JamHub.app/JamHub";
			};
			name = Release;
		};
		D6FE854C1ECCBD7B0020CEE6 /* Debug */ = {
			isa = XCBuildConfiguration;
			baseConfigurationReference = 4A2443140C05691E44C4DA82 /* Pods-JamHub-JamHubUITests.debug.xcconfig */;
			buildSettings = {
				ALWAYS_EMBED_SWIFT_STANDARD_LIBRARIES = YES;
				DEVELOPMENT_TEAM = 2B35VTS4CU;
				INFOPLIST_FILE = JamHubUITests/Info.plist;
				LD_RUNPATH_SEARCH_PATHS = "$(inherited) @executable_path/Frameworks @loader_path/Frameworks";
				PRODUCT_BUNDLE_IDENTIFIER = com.jamhubapplication.JamHubUITests;
				PRODUCT_NAME = "$(TARGET_NAME)";
				SWIFT_SWIFT3_OBJC_INFERENCE = On;
				SWIFT_VERSION = 4.0;
				TEST_TARGET_NAME = JamHub;
			};
			name = Debug;
		};
		D6FE854D1ECCBD7B0020CEE6 /* Release */ = {
			isa = XCBuildConfiguration;
			baseConfigurationReference = AE474A0F9B5DEEDD6921449E /* Pods-JamHub-JamHubUITests.release.xcconfig */;
			buildSettings = {
				ALWAYS_EMBED_SWIFT_STANDARD_LIBRARIES = YES;
				DEVELOPMENT_TEAM = 2B35VTS4CU;
				INFOPLIST_FILE = JamHubUITests/Info.plist;
				LD_RUNPATH_SEARCH_PATHS = "$(inherited) @executable_path/Frameworks @loader_path/Frameworks";
				PRODUCT_BUNDLE_IDENTIFIER = com.jamhubapplication.JamHubUITests;
				PRODUCT_NAME = "$(TARGET_NAME)";
				SWIFT_SWIFT3_OBJC_INFERENCE = On;
				SWIFT_VERSION = 4.0;
				TEST_TARGET_NAME = JamHub;
			};
			name = Release;
		};
/* End XCBuildConfiguration section */

/* Begin XCConfigurationList section */
		D6FE85181ECCBD7A0020CEE6 /* Build configuration list for PBXProject "JamHub" */ = {
			isa = XCConfigurationList;
			buildConfigurations = (
				D6FE85431ECCBD7B0020CEE6 /* Debug */,
				D6FE85441ECCBD7B0020CEE6 /* Release */,
			);
			defaultConfigurationIsVisible = 0;
			defaultConfigurationName = Release;
		};
		D6FE85451ECCBD7B0020CEE6 /* Build configuration list for PBXNativeTarget "JamHub" */ = {
			isa = XCConfigurationList;
			buildConfigurations = (
				D6FE85461ECCBD7B0020CEE6 /* Debug */,
				D6FE85471ECCBD7B0020CEE6 /* Release */,
			);
			defaultConfigurationIsVisible = 0;
			defaultConfigurationName = Release;
		};
		D6FE85481ECCBD7B0020CEE6 /* Build configuration list for PBXNativeTarget "JamHubTests" */ = {
			isa = XCConfigurationList;
			buildConfigurations = (
				D6FE85491ECCBD7B0020CEE6 /* Debug */,
				D6FE854A1ECCBD7B0020CEE6 /* Release */,
			);
			defaultConfigurationIsVisible = 0;
			defaultConfigurationName = Release;
		};
		D6FE854B1ECCBD7B0020CEE6 /* Build configuration list for PBXNativeTarget "JamHubUITests" */ = {
			isa = XCConfigurationList;
			buildConfigurations = (
				D6FE854C1ECCBD7B0020CEE6 /* Debug */,
				D6FE854D1ECCBD7B0020CEE6 /* Release */,
			);
			defaultConfigurationIsVisible = 0;
			defaultConfigurationName = Release;
		};
/* End XCConfigurationList section */
	};
	rootObject = D6FE85151ECCBD7A0020CEE6 /* Project object */;
}
